
Microsoft Visual Studio Solution File, Format Version 12.00
# Visual Studio 15
VisualStudioVersion = 15.0.26730.3
MinimumVisualStudioVersion = 10.0.40219.1
Project("{159641D6-6404-4A2A-AE62-294DE0FE8301}") = "Test-JSON", "Test-JSON.dtproj", "{98A5C4AD-7295-4390-9E47-79E352C6A022}"
EndProject
Global
	GlobalSection(SolutionConfigurationPlatforms) = preSolution
		Development|Default = Development|Default
	EndGlobalSection
	GlobalSection(ProjectConfigurationPlatforms) = postSolution
		{98A5C4AD-7295-4390-9E47-79E352C6A022}.Development|Default.ActiveCfg = Development
		{98A5C4AD-7295-4390-9E47-79E352C6A022}.Development|Default.Build.0 = Development
	EndGlobalSection
	GlobalSection(SolutionProperties) = preSolution
		HideSolutionNode = FALSE
	EndGlobalSection
	GlobalSection(ExtensibilityGlobals) = postSolution
		SolutionGuid = {2BA2920D-8A1C-4058-916C-C18104BD8101}
	EndGlobalSection
EndGlobal
